
Microsoft Visual Studio Solution File, Format Version 12.00
# Visual Studio Version 17
VisualStudioVersion = 17.14.36221.1 d17.14
MinimumVisualStudioVersion = 10.0.40219.1
Project("{8BC9CEB8-8B4A-11D0-8D11-00A0C91BC942}") = "MonitoringThread", "MonitoringThread.vcxproj", "{314DBA00-6770-413B-BCE0-84EA56E3F305}"
EndProject
Global
	GlobalSection(SolutionConfigurationPlatforms) = preSolution
		Debug|x64 = Debug|x64
		Debug|x86 = Debug|x86
		Release|x64 = Release|x64
		Release|x86 = Release|x86
	EndGlobalSection
	GlobalSection(ProjectConfigurationPlatforms) = postSolution
		{314DBA00-6770-413B-BCE0-84EA56E3F305}.Debug|x64.ActiveCfg = Debug|x64
		{314DBA00-6770-413B-BCE0-84EA56E3F305}.Debug|x64.Build.0 = Debug|x64
		{314DBA00-6770-413B-BCE0-84EA56E3F305}.Debug|x86.ActiveCfg = Debug|Win32
		{314DBA00-6770-413B-BCE0-84EA56E3F305}.Debug|x86.Build.0 = Debug|Win32
		{314DBA00-6770-413B-BCE0-84EA56E3F305}.Release|x64.ActiveCfg = Release|x64
		{314DBA00-6770-413B-BCE0-84EA56E3F305}.Release|x64.Build.0 = Release|x64
		{314DBA00-6770-413B-BCE0-84EA56E3F305}.Release|x86.ActiveCfg = Release|Win32
		{314DBA00-6770-413B-BCE0-84EA56E3F305}.Release|x86.Build.0 = Release|Win32
	EndGlobalSection
	GlobalSection(SolutionProperties) = preSolution
		HideSolutionNode = FALSE
	EndGlobalSection
	GlobalSection(ExtensibilityGlobals) = postSolution
		SolutionGuid = {1488F704-90E3-4867-A5A9-706DB036C9F5}
	EndGlobalSection
EndGlobal
